
Microsoft Visual Studio Solution File, Format Version 12.00
Project("{2150E333-8FDC-42A3-9474-1A3956D46DE8}") = "A21-DNPExam-315273", "A21-DNPExam-315273", "{72C8351C-0096-4826-9950-818E3082FAF2}"
EndProject
Project("{FAE04EC0-301F-11D3-BF4B-00C04F79EFBC}") = "WebAPI", "WebAPI\WebAPI.csproj", "{91379629-010B-4244-8CD0-EB31EAEFC1A0}"
EndProject
Project("{FAE04EC0-301F-11D3-BF4B-00C04F79EFBC}") = "Domain", "Domain\Domain.csproj", "{E92037AF-22EE-41DE-8804-B74D1DCC90E0}"
EndProject
Project("{FAE04EC0-301F-11D3-BF4B-00C04F79EFBC}") = "EfcDataAccess", "EfcDataAccess\EfcDataAccess.csproj", "{3505E4B6-D9CC-4FBA-934B-5E428917B3A5}"
EndProject
Project("{FAE04EC0-301F-11D3-BF4B-00C04F79EFBC}") = "Application", "Application\Application.csproj", "{EC5AD128-BC89-41C3-A538-878F18E7FC93}"
EndProject
Project("{FAE04EC0-301F-11D3-BF4B-00C04F79EFBC}") = "Blazor", "Blazor\Blazor.csproj", "{9B5882C7-1577-40AC-883E-0937E6A9CEEA}"
EndProject
Project("{FAE04EC0-301F-11D3-BF4B-00C04F79EFBC}") = "HttpClients", "HttpClients\HttpClients.csproj", "{6EA49006-7258-4402-80F1-FD8D404AA747}"
EndProject
Project("{2150E333-8FDC-42A3-9474-1A3956D46DE8}") = "S21-DNP-315273", "S21-DNP-315273", "{9679A0E6-3604-4729-8C7B-FAE98BD9B7F0}"
EndProject
Project("{FAE04EC0-301F-11D3-BF4B-00C04F79EFBC}") = "Web_API", "Web_API\Web_API.csproj", "{69A57AD6-3E20-4D21-BE21-76BB354E5F28}"
EndProject
Project("{FAE04EC0-301F-11D3-BF4B-00C04F79EFBC}") = "BlazorApp", "BlazorApp\BlazorApp.csproj", "{AF44BC71-38D9-4FB1-A091-4B54E0F0837D}"
EndProject
Global
	GlobalSection(SolutionConfigurationPlatforms) = preSolution
		Debug|Any CPU = Debug|Any CPU
		Release|Any CPU = Release|Any CPU
	EndGlobalSection
	GlobalSection(NestedProjects) = preSolution
		{91379629-010B-4244-8CD0-EB31EAEFC1A0} = {72C8351C-0096-4826-9950-818E3082FAF2}
		{E92037AF-22EE-41DE-8804-B74D1DCC90E0} = {72C8351C-0096-4826-9950-818E3082FAF2}
		{3505E4B6-D9CC-4FBA-934B-5E428917B3A5} = {72C8351C-0096-4826-9950-818E3082FAF2}
		{EC5AD128-BC89-41C3-A538-878F18E7FC93} = {72C8351C-0096-4826-9950-818E3082FAF2}
		{9B5882C7-1577-40AC-883E-0937E6A9CEEA} = {72C8351C-0096-4826-9950-818E3082FAF2}
		{6EA49006-7258-4402-80F1-FD8D404AA747} = {72C8351C-0096-4826-9950-818E3082FAF2}
		{69A57AD6-3E20-4D21-BE21-76BB354E5F28} = {9679A0E6-3604-4729-8C7B-FAE98BD9B7F0}
		{AF44BC71-38D9-4FB1-A091-4B54E0F0837D} = {9679A0E6-3604-4729-8C7B-FAE98BD9B7F0}
	EndGlobalSection
	GlobalSection(ProjectConfigurationPlatforms) = postSolution
		{91379629-010B-4244-8CD0-EB31EAEFC1A0}.Debug|Any CPU.ActiveCfg = Debug|Any CPU
		{91379629-010B-4244-8CD0-EB31EAEFC1A0}.Debug|Any CPU.Build.0 = Debug|Any CPU
		{91379629-010B-4244-8CD0-EB31EAEFC1A0}.Release|Any CPU.ActiveCfg = Release|Any CPU
		{91379629-010B-4244-8CD0-EB31EAEFC1A0}.Release|Any CPU.Build.0 = Release|Any CPU
		{E92037AF-22EE-41DE-8804-B74D1DCC90E0}.Debug|Any CPU.ActiveCfg = Debug|Any CPU
		{E92037AF-22EE-41DE-8804-B74D1DCC90E0}.Debug|Any CPU.Build.0 = Debug|Any CPU
		{E92037AF-22EE-41DE-8804-B74D1DCC90E0}.Release|Any CPU.ActiveCfg = Release|Any CPU
		{E92037AF-22EE-41DE-8804-B74D1DCC90E0}.Release|Any CPU.Build.0 = Release|Any CPU
		{3505E4B6-D9CC-4FBA-934B-5E428917B3A5}.Debug|Any CPU.ActiveCfg = Debug|Any CPU
		{3505E4B6-D9CC-4FBA-934B-5E428917B3A5}.Debug|Any CPU.Build.0 = Debug|Any CPU
		{3505E4B6-D9CC-4FBA-934B-5E428917B3A5}.Release|Any CPU.ActiveCfg = Release|Any CPU
		{3505E4B6-D9CC-4FBA-934B-5E428917B3A5}.Release|Any CPU.Build.0 = Release|Any CPU
		{EC5AD128-BC89-41C3-A538-878F18E7FC93}.Debug|Any CPU.ActiveCfg = Debug|Any CPU
		{EC5AD128-BC89-41C3-A538-878F18E7FC93}.Debug|Any CPU.Build.0 = Debug|Any CPU
		{EC5AD128-BC89-41C3-A538-878F18E7FC93}.Release|Any CPU.ActiveCfg = Release|Any CPU
		{EC5AD128-BC89-41C3-A538-878F18E7FC93}.Release|Any CPU.Build.0 = Release|Any CPU
		{9B5882C7-1577-40AC-883E-0937E6A9CEEA}.Debug|Any CPU.ActiveCfg = Debug|Any CPU
		{9B5882C7-1577-40AC-883E-0937E6A9CEEA}.Debug|Any CPU.Build.0 = Debug|Any CPU
		{9B5882C7-1577-40AC-883E-0937E6A9CEEA}.Release|Any CPU.ActiveCfg = Release|Any CPU
		{9B5882C7-1577-40AC-883E-0937E6A9CEEA}.Release|Any CPU.Build.0 = Release|Any CPU
		{6EA49006-7258-4402-80F1-FD8D404AA747}.Debug|Any CPU.ActiveCfg = Debug|Any CPU
		{6EA49006-7258-4402-80F1-FD8D404AA747}.Debug|Any CPU.Build.0 = Debug|Any CPU
		{6EA49006-7258-4402-80F1-FD8D404AA747}.Release|Any CPU.ActiveCfg = Release|Any CPU
		{6EA49006-7258-4402-80F1-FD8D404AA747}.Release|Any CPU.Build.0 = Release|Any CPU
		{69A57AD6-3E20-4D21-BE21-76BB354E5F28}.Debug|Any CPU.ActiveCfg = Debug|Any CPU
		{69A57AD6-3E20-4D21-BE21-76BB354E5F28}.Debug|Any CPU.Build.0 = Debug|Any CPU
		{69A57AD6-3E20-4D21-BE21-76BB354E5F28}.Release|Any CPU.ActiveCfg = Release|Any CPU
		{69A57AD6-3E20-4D21-BE21-76BB354E5F28}.Release|Any CPU.Build.0 = Release|Any CPU
		{AF44BC71-38D9-4FB1-A091-4B54E0F0837D}.Debug|Any CPU.ActiveCfg = Debug|Any CPU
		{AF44BC71-38D9-4FB1-A091-4B54E0F0837D}.Debug|Any CPU.Build.0 = Debug|Any CPU
		{AF44BC71-38D9-4FB1-A091-4B54E0F0837D}.Release|Any CPU.ActiveCfg = Release|Any CPU
		{AF44BC71-38D9-4FB1-A091-4B54E0F0837D}.Release|Any CPU.Build.0 = Release|Any CPU
	EndGlobalSection
EndGlobal
